
Microsoft Visual Studio Solution File, Format Version 12.00
# Visual Studio 2013
VisualStudioVersion = 12.0.40629.0
MinimumVisualStudioVersion = 10.0.40219.1
Project("{8BC9CEB8-8B4A-11D0-8D11-00A0C91BC942}") = "CommonElementsInAnArray", "CommonElementsInAnArray\CommonElementsInAnArray.vcxproj", "{ADC13553-6668-4714-B6B0-47C63FC0A5E8}"
EndProject
Project("{8BC9CEB8-8B4A-11D0-8D11-00A0C91BC942}") = "TestCPP", "..\TestCPP\TestCPP\TestCPP.vcxproj", "{7E2122E5-166F-4F5E-8247-0EC98DD5C37B}"
EndProject
Project("{2150E333-8FDC-42A3-9474-1A3956D46DE8}") = "CSharp", "CSharp", "{6EFB3A0F-6752-4272-8359-6CB5D6A67834}"
EndProject
Project("{2150E333-8FDC-42A3-9474-1A3956D46DE8}") = "CPP", "CPP", "{7C9B10D0-D480-4C24-B74B-741E3438B7F3}"
EndProject
Project("{2150E333-8FDC-42A3-9474-1A3956D46DE8}") = "FSharp", "FSharp", "{2DC69322-2CEB-4490-8461-D42285961244}"
EndProject
Project("{FAE04EC0-301F-11D3-BF4B-00C04F79EFBC}") = "DelegateInners", "DelegateInners\DelegateInners.csproj", "{83D0E06B-7AF3-4ED5-AB92-DE9E341E0AD4}"
EndProject
Project("{FAE04EC0-301F-11D3-BF4B-00C04F79EFBC}") = "AsynchronousProgrammingModel", "AsynchronousProgrammingModel\AsynchronousProgrammingModel.csproj", "{02DC362B-F1B0-4A47-ACAB-055AB02E1C4D}"
EndProject
Project("{2150E333-8FDC-42A3-9474-1A3956D46DE8}") = "Threading", "Threading", "{1CC48D09-5E6B-4B6E-AD2E-118EFBDED5B9}"
EndProject
Project("{FAE04EC0-301F-11D3-BF4B-00C04F79EFBC}") = "Monitor", "Monitor\Monitor.csproj", "{5FFE1716-5728-4E3D-8579-D1F3AD798F0D}"
EndProject
Project("{FAE04EC0-301F-11D3-BF4B-00C04F79EFBC}") = "waitbasedsynchronization", "waitbasedsynchronization\waitbasedsynchronization.csproj", "{66208061-AD5D-42D6-98B6-F4A69AC701A8}"
EndProject
Project("{FAE04EC0-301F-11D3-BF4B-00C04F79EFBC}") = "HoldAndWaitWithNMonitors", "HoldAndWaitWithNMonitors\HoldAndWaitWithNMonitors.csproj", "{BF6137C7-E303-4A3D-9348-8BB4F44946F3}"
EndProject
Project("{FAE04EC0-301F-11D3-BF4B-00C04F79EFBC}") = "DeadLock", "DeadLock\DeadLock.csproj", "{C37AF964-7691-4972-B739-1F2F83E161CE}"
EndProject
Project("{2150E333-8FDC-42A3-9474-1A3956D46DE8}") = "SQL", "SQL", "{F4F7A9F2-2782-4CDC-AD05-D88134E98001}"
EndProject
Project("{FAE04EC0-301F-11D3-BF4B-00C04F79EFBC}") = "SqlTransactions", "SqlTransactions\SqlTransactions.csproj", "{37BF2068-36D9-4C65-9E71-F7F4573B515E}"
EndProject
Project("{FAE04EC0-301F-11D3-BF4B-00C04F79EFBC}") = "Linq", "Linq\Linq.csproj", "{C9D2D6B7-2731-4AAB-A8A7-74202D894110}"
EndProject
Project("{2150E333-8FDC-42A3-9474-1A3956D46DE8}") = "WPF", "WPF", "{B4EA0370-D0FA-47E8-8CFB-89FFFB0DC7B9}"
EndProject
Project("{FAE04EC0-301F-11D3-BF4B-00C04F79EFBC}") = "WinformsWPFUserControl", "WinformsWPFUserControl\WinformsWPFUserControl.csproj", "{CE66FD51-5BF1-4FCC-A9D6-3AC287C6ABA2}"
EndProject
Project("{2150E333-8FDC-42A3-9474-1A3956D46DE8}") = "DesignPatterns", "DesignPatterns", "{DEDA1ACB-38BF-48CE-921C-863E9DAA8F9C}"
EndProject
Project("{FAE04EC0-301F-11D3-BF4B-00C04F79EFBC}") = "WPFUserControl", "WPFUserControl\WPFUserControl.csproj", "{894EDD8C-F564-46AB-867D-AA5971A83B81}"
EndProject
Project("{2150E333-8FDC-42A3-9474-1A3956D46DE8}") = "MVVM", "MVVM", "{19FBBA7B-3F56-43B6-AF47-78C6144CB5A7}"
EndProject
Project("{FAE04EC0-301F-11D3-BF4B-00C04F79EFBC}") = "MVVMApp", "MVVMApp\MVVMApp.csproj", "{40FEFC3D-E3C7-40F7-9471-7C2FC5635EDE}"
EndProject
Project("{FAE04EC0-301F-11D3-BF4B-00C04F79EFBC}") = "MvvmExample", "MvvmExample\MvvmExample.csproj", "{845FA2B6-500A-4757-A398-D0E7FDBEE2B5}"
EndProject
Project("{2150E333-8FDC-42A3-9474-1A3956D46DE8}") = "UML", "UML", "{C9ADC946-FD75-44E1-B004-70CB1896E544}"
EndProject
Project("{FAE04EC0-301F-11D3-BF4B-00C04F79EFBC}") = "AdapterPattern", "AdapterPattern\AdapterPattern.csproj", "{3C161644-AC29-4EF6-A7E8-A5C87583AEFF}"
EndProject
Project("{FAE04EC0-301F-11D3-BF4B-00C04F79EFBC}") = "TempDelete", "TempDelete\TempDelete.csproj", "{D4B8E12E-01AA-4189-85D4-FAD03C0EB1EE}"
EndProject
Project("{2150E333-8FDC-42A3-9474-1A3956D46DE8}") = "XML", "XML", "{8D603F01-6FF6-4543-9C96-6153B1B150C5}"
EndProject
Project("{FAE04EC0-301F-11D3-BF4B-00C04F79EFBC}") = "XMLEditor", "XMLEditor\XMLEditor.csproj", "{371A63EA-E1A6-4B89-816D-0FD8FB663041}"
EndProject
Project("{FAE04EC0-301F-11D3-BF4B-00C04F79EFBC}") = "DiagramXMLUpgrade", "DiagramXMLUpgrade\DiagramXMLUpgrade.csproj", "{A235588A-1056-4F3F-9139-607601FBA4C1}"
EndProject
Project("{FAE04EC0-301F-11D3-BF4B-00C04F79EFBC}") = "XMLUpgrade", "XMLUpgrade\XMLUpgrade.csproj", "{0AD44F00-2F98-4312-9DCD-DF9F55D3A0ED}"
EndProject
Project("{FAE04EC0-301F-11D3-BF4B-00C04F79EFBC}") = "SayHelloPluralSight", "SayHelloPluralSight\SayHelloPluralSight.csproj", "{C43649D3-76D2-4D94-AED1-C23BC965E565}"
EndProject
Project("{FAE04EC0-301F-11D3-BF4B-00C04F79EFBC}") = "Albahari", "Albahari\Albahari.csproj", "{5C76ECD8-A2DD-40C9-80B9-E3C397B04324}"
EndProject
Project("{FAE04EC0-301F-11D3-BF4B-00C04F79EFBC}") = "ObserverPattern", "ObserverPattern\ObserverPattern.csproj", "{495322BC-E8DB-4C93-98D1-8A6E8B6D61E5}"
EndProject
Project("{2150E333-8FDC-42A3-9474-1A3956D46DE8}") = "DataStructures", "DataStructures", "{B150350F-D58F-4E4E-BBE7-590D889BBD42}"
EndProject
Project("{FAE04EC0-301F-11D3-BF4B-00C04F79EFBC}") = "SortingScribble", "SortingScribble\SortingScribble.csproj", "{D32AB8D9-007A-4581-A8B6-DD18E7B9C10F}"
EndProject
Project("{FAE04EC0-301F-11D3-BF4B-00C04F79EFBC}") = "NodeChains", "NodeChains\NodeChains.csproj", "{9B87E51F-B069-4596-BC24-3329481846E5}"
EndProject
Project("{2150E333-8FDC-42A3-9474-1A3956D46DE8}") = "Top20", "Top20", "{6936FDF3-1B30-4C2F-8E46-F1523BC119CE}"
EndProject
Project("{FAE04EC0-301F-11D3-BF4B-00C04F79EFBC}") = "Top20", "Top20\Top20.csproj", "{0D3A8C06-2162-4D3D-A40B-9E71B34898A6}"
EndProject
Project("{FAE04EC0-301F-11D3-BF4B-00C04F79EFBC}") = "ReturnValueFromProcess", "ReturnValueFromProcess\ReturnValueFromProcess.csproj", "{E5A98865-4B59-4BDE-BD61-1FD02229C74E}"
EndProject
Project("{FAE04EC0-301F-11D3-BF4B-00C04F79EFBC}") = "CatchValueFromProcess", "CatchValueFromProcess\CatchValueFromProcess.csproj", "{2EBD0730-DBB8-464B-BAE3-ABF02A50DF9B}"
EndProject
Global
	GlobalSection(SolutionConfigurationPlatforms) = preSolution
		Debug|Any CPU = Debug|Any CPU
		Debug|Mixed Platforms = Debug|Mixed Platforms
		Debug|Win32 = Debug|Win32
		Debug|x86 = Debug|x86
		Release|Any CPU = Release|Any CPU
		Release|Mixed Platforms = Release|Mixed Platforms
		Release|Win32 = Release|Win32
		Release|x86 = Release|x86
	EndGlobalSection
	GlobalSection(ProjectConfigurationPlatforms) = postSolution
		{ADC13553-6668-4714-B6B0-47C63FC0A5E8}.Debug|Any CPU.ActiveCfg = Debug|Win32
		{ADC13553-6668-4714-B6B0-47C63FC0A5E8}.Debug|Mixed Platforms.ActiveCfg = Debug|Win32
		{ADC13553-6668-4714-B6B0-47C63FC0A5E8}.Debug|Mixed Platforms.Build.0 = Debug|Win32
		{ADC13553-6668-4714-B6B0-47C63FC0A5E8}.Debug|Win32.ActiveCfg = Debug|Win32
		{ADC13553-6668-4714-B6B0-47C63FC0A5E8}.Debug|Win32.Build.0 = Debug|Win32
		{ADC13553-6668-4714-B6B0-47C63FC0A5E8}.Debug|x86.ActiveCfg = Debug|Win32
		{ADC13553-6668-4714-B6B0-47C63FC0A5E8}.Debug|x86.Build.0 = Debug|Win32
		{ADC13553-6668-4714-B6B0-47C63FC0A5E8}.Release|Any CPU.ActiveCfg = Release|Win32
		{ADC13553-6668-4714-B6B0-47C63FC0A5E8}.Release|Mixed Platforms.ActiveCfg = Release|Win32
		{ADC13553-6668-4714-B6B0-47C63FC0A5E8}.Release|Mixed Platforms.Build.0 = Release|Win32
		{ADC13553-6668-4714-B6B0-47C63FC0A5E8}.Release|Win32.ActiveCfg = Release|Win32
		{ADC13553-6668-4714-B6B0-47C63FC0A5E8}.Release|Win32.Build.0 = Release|Win32
		{ADC13553-6668-4714-B6B0-47C63FC0A5E8}.Release|x86.ActiveCfg = Release|Win32
		{ADC13553-6668-4714-B6B0-47C63FC0A5E8}.Release|x86.Build.0 = Release|Win32
		{7E2122E5-166F-4F5E-8247-0EC98DD5C37B}.Debug|Any CPU.ActiveCfg = Debug|Win32
		{7E2122E5-166F-4F5E-8247-0EC98DD5C37B}.Debug|Mixed Platforms.ActiveCfg = Debug|Win32
		{7E2122E5-166F-4F5E-8247-0EC98DD5C37B}.Debug|Mixed Platforms.Build.0 = Debug|Win32
		{7E2122E5-166F-4F5E-8247-0EC98DD5C37B}.Debug|Win32.ActiveCfg = Debug|Win32
		{7E2122E5-166F-4F5E-8247-0EC98DD5C37B}.Debug|Win32.Build.0 = Debug|Win32
		{7E2122E5-166F-4F5E-8247-0EC98DD5C37B}.Debug|x86.ActiveCfg = Debug|Win32
		{7E2122E5-166F-4F5E-8247-0EC98DD5C37B}.Debug|x86.Build.0 = Debug|Win32
		{7E2122E5-166F-4F5E-8247-0EC98DD5C37B}.Release|Any CPU.ActiveCfg = Release|Win32
		{7E2122E5-166F-4F5E-8247-0EC98DD5C37B}.Release|Mixed Platforms.ActiveCfg = Release|Win32
		{7E2122E5-166F-4F5E-8247-0EC98DD5C37B}.Release|Mixed Platforms.Build.0 = Release|Win32
		{7E2122E5-166F-4F5E-8247-0EC98DD5C37B}.Release|Win32.ActiveCfg = Release|Win32
		{7E2122E5-166F-4F5E-8247-0EC98DD5C37B}.Release|Win32.Build.0 = Release|Win32
		{7E2122E5-166F-4F5E-8247-0EC98DD5C37B}.Release|x86.ActiveCfg = Release|Win32
		{7E2122E5-166F-4F5E-8247-0EC98DD5C37B}.Release|x86.Build.0 = Release|Win32
		{83D0E06B-7AF3-4ED5-AB92-DE9E341E0AD4}.Debug|Any CPU.ActiveCfg = Debug|Any CPU
		{83D0E06B-7AF3-4ED5-AB92-DE9E341E0AD4}.Debug|Any CPU.Build.0 = Debug|Any CPU
		{83D0E06B-7AF3-4ED5-AB92-DE9E341E0AD4}.Debug|Mixed Platforms.ActiveCfg = Debug|Any CPU
		{83D0E06B-7AF3-4ED5-AB92-DE9E341E0AD4}.Debug|Mixed Platforms.Build.0 = Debug|Any CPU
		{83D0E06B-7AF3-4ED5-AB92-DE9E341E0AD4}.Debug|Win32.ActiveCfg = Debug|Any CPU
		{83D0E06B-7AF3-4ED5-AB92-DE9E341E0AD4}.Debug|x86.ActiveCfg = Debug|Any CPU
		{83D0E06B-7AF3-4ED5-AB92-DE9E341E0AD4}.Release|Any CPU.ActiveCfg = Release|Any CPU
		{83D0E06B-7AF3-4ED5-AB92-DE9E341E0AD4}.Release|Any CPU.Build.0 = Release|Any CPU
		{83D0E06B-7AF3-4ED5-AB92-DE9E341E0AD4}.Release|Mixed Platforms.ActiveCfg = Release|Any CPU
		{83D0E06B-7AF3-4ED5-AB92-DE9E341E0AD4}.Release|Mixed Platforms.Build.0 = Release|Any CPU
		{83D0E06B-7AF3-4ED5-AB92-DE9E341E0AD4}.Release|Win32.ActiveCfg = Release|Any CPU
		{83D0E06B-7AF3-4ED5-AB92-DE9E341E0AD4}.Release|x86.ActiveCfg = Release|Any CPU
		{02DC362B-F1B0-4A47-ACAB-055AB02E1C4D}.Debug|Any CPU.ActiveCfg = Debug|Any CPU
		{02DC362B-F1B0-4A47-ACAB-055AB02E1C4D}.Debug|Any CPU.Build.0 = Debug|Any CPU
		{02DC362B-F1B0-4A47-ACAB-055AB02E1C4D}.Debug|Mixed Platforms.ActiveCfg = Debug|Any CPU
		{02DC362B-F1B0-4A47-ACAB-055AB02E1C4D}.Debug|Mixed Platforms.Build.0 = Debug|Any CPU
		{02DC362B-F1B0-4A47-ACAB-055AB02E1C4D}.Debug|Win32.ActiveCfg = Debug|Any CPU
		{02DC362B-F1B0-4A47-ACAB-055AB02E1C4D}.Debug|x86.ActiveCfg = Debug|Any CPU
		{02DC362B-F1B0-4A47-ACAB-055AB02E1C4D}.Release|Any CPU.ActiveCfg = Release|Any CPU
		{02DC362B-F1B0-4A47-ACAB-055AB02E1C4D}.Release|Any CPU.Build.0 = Release|Any CPU
		{02DC362B-F1B0-4A47-ACAB-055AB02E1C4D}.Release|Mixed Platforms.ActiveCfg = Release|Any CPU
		{02DC362B-F1B0-4A47-ACAB-055AB02E1C4D}.Release|Mixed Platforms.Build.0 = Release|Any CPU
		{02DC362B-F1B0-4A47-ACAB-055AB02E1C4D}.Release|Win32.ActiveCfg = Release|Any CPU
		{02DC362B-F1B0-4A47-ACAB-055AB02E1C4D}.Release|x86.ActiveCfg = Release|Any CPU
		{5FFE1716-5728-4E3D-8579-D1F3AD798F0D}.Debug|Any CPU.ActiveCfg = Debug|Any CPU
		{5FFE1716-5728-4E3D-8579-D1F3AD798F0D}.Debug|Any CPU.Build.0 = Debug|Any CPU
		{5FFE1716-5728-4E3D-8579-D1F3AD798F0D}.Debug|Mixed Platforms.ActiveCfg = Debug|Any CPU
		{5FFE1716-5728-4E3D-8579-D1F3AD798F0D}.Debug|Mixed Platforms.Build.0 = Debug|Any CPU
		{5FFE1716-5728-4E3D-8579-D1F3AD798F0D}.Debug|Win32.ActiveCfg = Debug|Any CPU
		{5FFE1716-5728-4E3D-8579-D1F3AD798F0D}.Debug|x86.ActiveCfg = Debug|Any CPU
		{5FFE1716-5728-4E3D-8579-D1F3AD798F0D}.Release|Any CPU.ActiveCfg = Release|Any CPU
		{5FFE1716-5728-4E3D-8579-D1F3AD798F0D}.Release|Any CPU.Build.0 = Release|Any CPU
		{5FFE1716-5728-4E3D-8579-D1F3AD798F0D}.Release|Mixed Platforms.ActiveCfg = Release|Any CPU
		{5FFE1716-5728-4E3D-8579-D1F3AD798F0D}.Release|Mixed Platforms.Build.0 = Release|Any CPU
		{5FFE1716-5728-4E3D-8579-D1F3AD798F0D}.Release|Win32.ActiveCfg = Release|Any CPU
		{5FFE1716-5728-4E3D-8579-D1F3AD798F0D}.Release|x86.ActiveCfg = Release|Any CPU
		{66208061-AD5D-42D6-98B6-F4A69AC701A8}.Debug|Any CPU.ActiveCfg = Debug|Any CPU
		{66208061-AD5D-42D6-98B6-F4A69AC701A8}.Debug|Any CPU.Build.0 = Debug|Any CPU
		{66208061-AD5D-42D6-98B6-F4A69AC701A8}.Debug|Mixed Platforms.ActiveCfg = Debug|Any CPU
		{66208061-AD5D-42D6-98B6-F4A69AC701A8}.Debug|Mixed Platforms.Build.0 = Debug|Any CPU
		{66208061-AD5D-42D6-98B6-F4A69AC701A8}.Debug|Win32.ActiveCfg = Debug|Any CPU
		{66208061-AD5D-42D6-98B6-F4A69AC701A8}.Debug|x86.ActiveCfg = Debug|Any CPU
		{66208061-AD5D-42D6-98B6-F4A69AC701A8}.Release|Any CPU.ActiveCfg = Release|Any CPU
		{66208061-AD5D-42D6-98B6-F4A69AC701A8}.Release|Any CPU.Build.0 = Release|Any CPU
		{66208061-AD5D-42D6-98B6-F4A69AC701A8}.Release|Mixed Platforms.ActiveCfg = Release|Any CPU
		{66208061-AD5D-42D6-98B6-F4A69AC701A8}.Release|Mixed Platforms.Build.0 = Release|Any CPU
		{66208061-AD5D-42D6-98B6-F4A69AC701A8}.Release|Win32.ActiveCfg = Release|Any CPU
		{66208061-AD5D-42D6-98B6-F4A69AC701A8}.Release|x86.ActiveCfg = Release|Any CPU
		{BF6137C7-E303-4A3D-9348-8BB4F44946F3}.Debug|Any CPU.ActiveCfg = Debug|Any CPU
		{BF6137C7-E303-4A3D-9348-8BB4F44946F3}.Debug|Any CPU.Build.0 = Debug|Any CPU
		{BF6137C7-E303-4A3D-9348-8BB4F44946F3}.Debug|Mixed Platforms.ActiveCfg = Debug|Any CPU
		{BF6137C7-E303-4A3D-9348-8BB4F44946F3}.Debug|Mixed Platforms.Build.0 = Debug|Any CPU
		{BF6137C7-E303-4A3D-9348-8BB4F44946F3}.Debug|Win32.ActiveCfg = Debug|Any CPU
		{BF6137C7-E303-4A3D-9348-8BB4F44946F3}.Debug|x86.ActiveCfg = Debug|Any CPU
		{BF6137C7-E303-4A3D-9348-8BB4F44946F3}.Release|Any CPU.ActiveCfg = Release|Any CPU
		{BF6137C7-E303-4A3D-9348-8BB4F44946F3}.Release|Any CPU.Build.0 = Release|Any CPU
		{BF6137C7-E303-4A3D-9348-8BB4F44946F3}.Release|Mixed Platforms.ActiveCfg = Release|Any CPU
		{BF6137C7-E303-4A3D-9348-8BB4F44946F3}.Release|Mixed Platforms.Build.0 = Release|Any CPU
		{BF6137C7-E303-4A3D-9348-8BB4F44946F3}.Release|Win32.ActiveCfg = Release|Any CPU
		{BF6137C7-E303-4A3D-9348-8BB4F44946F3}.Release|x86.ActiveCfg = Release|Any CPU
		{C37AF964-7691-4972-B739-1F2F83E161CE}.Debug|Any CPU.ActiveCfg = Debug|Any CPU
		{C37AF964-7691-4972-B739-1F2F83E161CE}.Debug|Any CPU.Build.0 = Debug|Any CPU
		{C37AF964-7691-4972-B739-1F2F83E161CE}.Debug|Mixed Platforms.ActiveCfg = Debug|Any CPU
		{C37AF964-7691-4972-B739-1F2F83E161CE}.Debug|Mixed Platforms.Build.0 = Debug|Any CPU
		{C37AF964-7691-4972-B739-1F2F83E161CE}.Debug|Win32.ActiveCfg = Debug|Any CPU
		{C37AF964-7691-4972-B739-1F2F83E161CE}.Debug|x86.ActiveCfg = Debug|Any CPU
		{C37AF964-7691-4972-B739-1F2F83E161CE}.Release|Any CPU.ActiveCfg = Release|Any CPU
		{C37AF964-7691-4972-B739-1F2F83E161CE}.Release|Any CPU.Build.0 = Release|Any CPU
		{C37AF964-7691-4972-B739-1F2F83E161CE}.Release|Mixed Platforms.ActiveCfg = Release|Any CPU
		{C37AF964-7691-4972-B739-1F2F83E161CE}.Release|Mixed Platforms.Build.0 = Release|Any CPU
		{C37AF964-7691-4972-B739-1F2F83E161CE}.Release|Win32.ActiveCfg = Release|Any CPU
		{C37AF964-7691-4972-B739-1F2F83E161CE}.Release|x86.ActiveCfg = Release|Any CPU
		{37BF2068-36D9-4C65-9E71-F7F4573B515E}.Debug|Any CPU.ActiveCfg = Debug|Any CPU
		{37BF2068-36D9-4C65-9E71-F7F4573B515E}.Debug|Any CPU.Build.0 = Debug|Any CPU
		{37BF2068-36D9-4C65-9E71-F7F4573B515E}.Debug|Mixed Platforms.ActiveCfg = Debug|Any CPU
		{37BF2068-36D9-4C65-9E71-F7F4573B515E}.Debug|Mixed Platforms.Build.0 = Debug|Any CPU
		{37BF2068-36D9-4C65-9E71-F7F4573B515E}.Debug|Win32.ActiveCfg = Debug|Any CPU
		{37BF2068-36D9-4C65-9E71-F7F4573B515E}.Debug|x86.ActiveCfg = Debug|Any CPU
		{37BF2068-36D9-4C65-9E71-F7F4573B515E}.Release|Any CPU.ActiveCfg = Release|Any CPU
		{37BF2068-36D9-4C65-9E71-F7F4573B515E}.Release|Any CPU.Build.0 = Release|Any CPU
		{37BF2068-36D9-4C65-9E71-F7F4573B515E}.Release|Mixed Platforms.ActiveCfg = Release|Any CPU
		{37BF2068-36D9-4C65-9E71-F7F4573B515E}.Release|Mixed Platforms.Build.0 = Release|Any CPU
		{37BF2068-36D9-4C65-9E71-F7F4573B515E}.Release|Win32.ActiveCfg = Release|Any CPU
		{37BF2068-36D9-4C65-9E71-F7F4573B515E}.Release|x86.ActiveCfg = Release|Any CPU
		{C9D2D6B7-2731-4AAB-A8A7-74202D894110}.Debug|Any CPU.ActiveCfg = Debug|Any CPU
		{C9D2D6B7-2731-4AAB-A8A7-74202D894110}.Debug|Any CPU.Build.0 = Debug|Any CPU
		{C9D2D6B7-2731-4AAB-A8A7-74202D894110}.Debug|Mixed Platforms.ActiveCfg = Debug|Any CPU
		{C9D2D6B7-2731-4AAB-A8A7-74202D894110}.Debug|Mixed Platforms.Build.0 = Debug|Any CPU
		{C9D2D6B7-2731-4AAB-A8A7-74202D894110}.Debug|Win32.ActiveCfg = Debug|Any CPU
		{C9D2D6B7-2731-4AAB-A8A7-74202D894110}.Debug|x86.ActiveCfg = Debug|Any CPU
		{C9D2D6B7-2731-4AAB-A8A7-74202D894110}.Release|Any CPU.ActiveCfg = Release|Any CPU
		{C9D2D6B7-2731-4AAB-A8A7-74202D894110}.Release|Any CPU.Build.0 = Release|Any CPU
		{C9D2D6B7-2731-4AAB-A8A7-74202D894110}.Release|Mixed Platforms.ActiveCfg = Release|Any CPU
		{C9D2D6B7-2731-4AAB-A8A7-74202D894110}.Release|Mixed Platforms.Build.0 = Release|Any CPU
		{C9D2D6B7-2731-4AAB-A8A7-74202D894110}.Release|Win32.ActiveCfg = Release|Any CPU
		{C9D2D6B7-2731-4AAB-A8A7-74202D894110}.Release|x86.ActiveCfg = Release|Any CPU
		{CE66FD51-5BF1-4FCC-A9D6-3AC287C6ABA2}.Debug|Any CPU.ActiveCfg = Debug|Any CPU
		{CE66FD51-5BF1-4FCC-A9D6-3AC287C6ABA2}.Debug|Any CPU.Build.0 = Debug|Any CPU
		{CE66FD51-5BF1-4FCC-A9D6-3AC287C6ABA2}.Debug|Mixed Platforms.ActiveCfg = Debug|Any CPU
		{CE66FD51-5BF1-4FCC-A9D6-3AC287C6ABA2}.Debug|Mixed Platforms.Build.0 = Debug|Any CPU
		{CE66FD51-5BF1-4FCC-A9D6-3AC287C6ABA2}.Debug|Win32.ActiveCfg = Debug|Any CPU
		{CE66FD51-5BF1-4FCC-A9D6-3AC287C6ABA2}.Debug|x86.ActiveCfg = Debug|Any CPU
		{CE66FD51-5BF1-4FCC-A9D6-3AC287C6ABA2}.Release|Any CPU.ActiveCfg = Release|Any CPU
		{CE66FD51-5BF1-4FCC-A9D6-3AC287C6ABA2}.Release|Any CPU.Build.0 = Release|Any CPU
		{CE66FD51-5BF1-4FCC-A9D6-3AC287C6ABA2}.Release|Mixed Platforms.ActiveCfg = Release|Any CPU
		{CE66FD51-5BF1-4FCC-A9D6-3AC287C6ABA2}.Release|Mixed Platforms.Build.0 = Release|Any CPU
		{CE66FD51-5BF1-4FCC-A9D6-3AC287C6ABA2}.Release|Win32.ActiveCfg = Release|Any CPU
		{CE66FD51-5BF1-4FCC-A9D6-3AC287C6ABA2}.Release|x86.ActiveCfg = Release|Any CPU
		{894EDD8C-F564-46AB-867D-AA5971A83B81}.Debug|Any CPU.ActiveCfg = Debug|Any CPU
		{894EDD8C-F564-46AB-867D-AA5971A83B81}.Debug|Any CPU.Build.0 = Debug|Any CPU
		{894EDD8C-F564-46AB-867D-AA5971A83B81}.Debug|Mixed Platforms.ActiveCfg = Debug|Any CPU
		{894EDD8C-F564-46AB-867D-AA5971A83B81}.Debug|Mixed Platforms.Build.0 = Debug|Any CPU
		{894EDD8C-F564-46AB-867D-AA5971A83B81}.Debug|Win32.ActiveCfg = Debug|Any CPU
		{894EDD8C-F564-46AB-867D-AA5971A83B81}.Debug|x86.ActiveCfg = Debug|Any CPU
		{894EDD8C-F564-46AB-867D-AA5971A83B81}.Release|Any CPU.ActiveCfg = Release|Any CPU
		{894EDD8C-F564-46AB-867D-AA5971A83B81}.Release|Any CPU.Build.0 = Release|Any CPU
		{894EDD8C-F564-46AB-867D-AA5971A83B81}.Release|Mixed Platforms.ActiveCfg = Release|Any CPU
		{894EDD8C-F564-46AB-867D-AA5971A83B81}.Release|Mixed Platforms.Build.0 = Release|Any CPU
		{894EDD8C-F564-46AB-867D-AA5971A83B81}.Release|Win32.ActiveCfg = Release|Any CPU
		{894EDD8C-F564-46AB-867D-AA5971A83B81}.Release|x86.ActiveCfg = Release|Any CPU
		{40FEFC3D-E3C7-40F7-9471-7C2FC5635EDE}.Debug|Any CPU.ActiveCfg = Debug|Any CPU
		{40FEFC3D-E3C7-40F7-9471-7C2FC5635EDE}.Debug|Any CPU.Build.0 = Debug|Any CPU
		{40FEFC3D-E3C7-40F7-9471-7C2FC5635EDE}.Debug|Mixed Platforms.ActiveCfg = Debug|Any CPU
		{40FEFC3D-E3C7-40F7-9471-7C2FC5635EDE}.Debug|Mixed Platforms.Build.0 = Debug|Any CPU
		{40FEFC3D-E3C7-40F7-9471-7C2FC5635EDE}.Debug|Win32.ActiveCfg = Debug|Any CPU
		{40FEFC3D-E3C7-40F7-9471-7C2FC5635EDE}.Debug|x86.ActiveCfg = Debug|Any CPU
		{40FEFC3D-E3C7-40F7-9471-7C2FC5635EDE}.Release|Any CPU.ActiveCfg = Release|Any CPU
		{40FEFC3D-E3C7-40F7-9471-7C2FC5635EDE}.Release|Any CPU.Build.0 = Release|Any CPU
		{40FEFC3D-E3C7-40F7-9471-7C2FC5635EDE}.Release|Mixed Platforms.ActiveCfg = Release|Any CPU
		{40FEFC3D-E3C7-40F7-9471-7C2FC5635EDE}.Release|Mixed Platforms.Build.0 = Release|Any CPU
		{40FEFC3D-E3C7-40F7-9471-7C2FC5635EDE}.Release|Win32.ActiveCfg = Release|Any CPU
		{40FEFC3D-E3C7-40F7-9471-7C2FC5635EDE}.Release|x86.ActiveCfg = Release|Any CPU
		{845FA2B6-500A-4757-A398-D0E7FDBEE2B5}.Debug|Any CPU.ActiveCfg = Debug|x86
		{845FA2B6-500A-4757-A398-D0E7FDBEE2B5}.Debug|Mixed Platforms.ActiveCfg = Debug|x86
		{845FA2B6-500A-4757-A398-D0E7FDBEE2B5}.Debug|Mixed Platforms.Build.0 = Debug|x86
		{845FA2B6-500A-4757-A398-D0E7FDBEE2B5}.Debug|Win32.ActiveCfg = Debug|x86
		{845FA2B6-500A-4757-A398-D0E7FDBEE2B5}.Debug|Win32.Build.0 = Debug|x86
		{845FA2B6-500A-4757-A398-D0E7FDBEE2B5}.Debug|x86.ActiveCfg = Debug|x86
		{845FA2B6-500A-4757-A398-D0E7FDBEE2B5}.Debug|x86.Build.0 = Debug|x86
		{845FA2B6-500A-4757-A398-D0E7FDBEE2B5}.Release|Any CPU.ActiveCfg = Release|x86
		{845FA2B6-500A-4757-A398-D0E7FDBEE2B5}.Release|Mixed Platforms.ActiveCfg = Release|x86
		{845FA2B6-500A-4757-A398-D0E7FDBEE2B5}.Release|Mixed Platforms.Build.0 = Release|x86
		{845FA2B6-500A-4757-A398-D0E7FDBEE2B5}.Release|Win32.ActiveCfg = Release|x86
		{845FA2B6-500A-4757-A398-D0E7FDBEE2B5}.Release|Win32.Build.0 = Release|x86
		{845FA2B6-500A-4757-A398-D0E7FDBEE2B5}.Release|x86.ActiveCfg = Release|x86
		{845FA2B6-500A-4757-A398-D0E7FDBEE2B5}.Release|x86.Build.0 = Release|x86
		{3C161644-AC29-4EF6-A7E8-A5C87583AEFF}.Debug|Any CPU.ActiveCfg = Debug|Any CPU
		{3C161644-AC29-4EF6-A7E8-A5C87583AEFF}.Debug|Any CPU.Build.0 = Debug|Any CPU
		{3C161644-AC29-4EF6-A7E8-A5C87583AEFF}.Debug|Mixed Platforms.ActiveCfg = Debug|Any CPU
		{3C161644-AC29-4EF6-A7E8-A5C87583AEFF}.Debug|Mixed Platforms.Build.0 = Debug|Any CPU
		{3C161644-AC29-4EF6-A7E8-A5C87583AEFF}.Debug|Win32.ActiveCfg = Debug|Any CPU
		{3C161644-AC29-4EF6-A7E8-A5C87583AEFF}.Debug|x86.ActiveCfg = Debug|Any CPU
		{3C161644-AC29-4EF6-A7E8-A5C87583AEFF}.Release|Any CPU.ActiveCfg = Release|Any CPU
		{3C161644-AC29-4EF6-A7E8-A5C87583AEFF}.Release|Any CPU.Build.0 = Release|Any CPU
		{3C161644-AC29-4EF6-A7E8-A5C87583AEFF}.Release|Mixed Platforms.ActiveCfg = Release|Any CPU
		{3C161644-AC29-4EF6-A7E8-A5C87583AEFF}.Release|Mixed Platforms.Build.0 = Release|Any CPU
		{3C161644-AC29-4EF6-A7E8-A5C87583AEFF}.Release|Win32.ActiveCfg = Release|Any CPU
		{3C161644-AC29-4EF6-A7E8-A5C87583AEFF}.Release|x86.ActiveCfg = Release|Any CPU
		{D4B8E12E-01AA-4189-85D4-FAD03C0EB1EE}.Debug|Any CPU.ActiveCfg = Debug|Any CPU
		{D4B8E12E-01AA-4189-85D4-FAD03C0EB1EE}.Debug|Any CPU.Build.0 = Debug|Any CPU
		{D4B8E12E-01AA-4189-85D4-FAD03C0EB1EE}.Debug|Mixed Platforms.ActiveCfg = Debug|Any CPU
		{D4B8E12E-01AA-4189-85D4-FAD03C0EB1EE}.Debug|Mixed Platforms.Build.0 = Debug|Any CPU
		{D4B8E12E-01AA-4189-85D4-FAD03C0EB1EE}.Debug|Win32.ActiveCfg = Debug|Any CPU
		{D4B8E12E-01AA-4189-85D4-FAD03C0EB1EE}.Debug|x86.ActiveCfg = Debug|Any CPU
		{D4B8E12E-01AA-4189-85D4-FAD03C0EB1EE}.Release|Any CPU.ActiveCfg = Release|Any CPU
		{D4B8E12E-01AA-4189-85D4-FAD03C0EB1EE}.Release|Any CPU.Build.0 = Release|Any CPU
		{D4B8E12E-01AA-4189-85D4-FAD03C0EB1EE}.Release|Mixed Platforms.ActiveCfg = Release|Any CPU
		{D4B8E12E-01AA-4189-85D4-FAD03C0EB1EE}.Release|Mixed Platforms.Build.0 = Release|Any CPU
		{D4B8E12E-01AA-4189-85D4-FAD03C0EB1EE}.Release|Win32.ActiveCfg = Release|Any CPU
		{D4B8E12E-01AA-4189-85D4-FAD03C0EB1EE}.Release|x86.ActiveCfg = Release|Any CPU
		{371A63EA-E1A6-4B89-816D-0FD8FB663041}.Debug|Any CPU.ActiveCfg = Debug|Any CPU
		{371A63EA-E1A6-4B89-816D-0FD8FB663041}.Debug|Any CPU.Build.0 = Debug|Any CPU
		{371A63EA-E1A6-4B89-816D-0FD8FB663041}.Debug|Mixed Platforms.ActiveCfg = Debug|Any CPU
		{371A63EA-E1A6-4B89-816D-0FD8FB663041}.Debug|Mixed Platforms.Build.0 = Debug|Any CPU
		{371A63EA-E1A6-4B89-816D-0FD8FB663041}.Debug|Win32.ActiveCfg = Debug|Any CPU
		{371A63EA-E1A6-4B89-816D-0FD8FB663041}.Debug|x86.ActiveCfg = Debug|Any CPU
		{371A63EA-E1A6-4B89-816D-0FD8FB663041}.Release|Any CPU.ActiveCfg = Release|Any CPU
		{371A63EA-E1A6-4B89-816D-0FD8FB663041}.Release|Any CPU.Build.0 = Release|Any CPU
		{371A63EA-E1A6-4B89-816D-0FD8FB663041}.Release|Mixed Platforms.ActiveCfg = Release|Any CPU
		{371A63EA-E1A6-4B89-816D-0FD8FB663041}.Release|Mixed Platforms.Build.0 = Release|Any CPU
		{371A63EA-E1A6-4B89-816D-0FD8FB663041}.Release|Win32.ActiveCfg = Release|Any CPU
		{371A63EA-E1A6-4B89-816D-0FD8FB663041}.Release|x86.ActiveCfg = Release|Any CPU
		{A235588A-1056-4F3F-9139-607601FBA4C1}.Debug|Any CPU.ActiveCfg = Debug|Any CPU
		{A235588A-1056-4F3F-9139-607601FBA4C1}.Debug|Any CPU.Build.0 = Debug|Any CPU
		{A235588A-1056-4F3F-9139-607601FBA4C1}.Debug|Mixed Platforms.ActiveCfg = Debug|Any CPU
		{A235588A-1056-4F3F-9139-607601FBA4C1}.Debug|Mixed Platforms.Build.0 = Debug|Any CPU
		{A235588A-1056-4F3F-9139-607601FBA4C1}.Debug|Win32.ActiveCfg = Debug|Any CPU
		{A235588A-1056-4F3F-9139-607601FBA4C1}.Debug|x86.ActiveCfg = Debug|Any CPU
		{A235588A-1056-4F3F-9139-607601FBA4C1}.Release|Any CPU.ActiveCfg = Release|Any CPU
		{A235588A-1056-4F3F-9139-607601FBA4C1}.Release|Any CPU.Build.0 = Release|Any CPU
		{A235588A-1056-4F3F-9139-607601FBA4C1}.Release|Mixed Platforms.ActiveCfg = Release|Any CPU
		{A235588A-1056-4F3F-9139-607601FBA4C1}.Release|Mixed Platforms.Build.0 = Release|Any CPU
		{A235588A-1056-4F3F-9139-607601FBA4C1}.Release|Win32.ActiveCfg = Release|Any CPU
		{A235588A-1056-4F3F-9139-607601FBA4C1}.Release|x86.ActiveCfg = Release|Any CPU
		{0AD44F00-2F98-4312-9DCD-DF9F55D3A0ED}.Debug|Any CPU.ActiveCfg = Debug|Any CPU
		{0AD44F00-2F98-4312-9DCD-DF9F55D3A0ED}.Debug|Any CPU.Build.0 = Debug|Any CPU
		{0AD44F00-2F98-4312-9DCD-DF9F55D3A0ED}.Debug|Mixed Platforms.ActiveCfg = Debug|Any CPU
		{0AD44F00-2F98-4312-9DCD-DF9F55D3A0ED}.Debug|Mixed Platforms.Build.0 = Debug|Any CPU
		{0AD44F00-2F98-4312-9DCD-DF9F55D3A0ED}.Debug|Win32.ActiveCfg = Debug|Any CPU
		{0AD44F00-2F98-4312-9DCD-DF9F55D3A0ED}.Debug|x86.ActiveCfg = Debug|Any CPU
		{0AD44F00-2F98-4312-9DCD-DF9F55D3A0ED}.Release|Any CPU.ActiveCfg = Release|Any CPU
		{0AD44F00-2F98-4312-9DCD-DF9F55D3A0ED}.Release|Any CPU.Build.0 = Release|Any CPU
		{0AD44F00-2F98-4312-9DCD-DF9F55D3A0ED}.Release|Mixed Platforms.ActiveCfg = Release|Any CPU
		{0AD44F00-2F98-4312-9DCD-DF9F55D3A0ED}.Release|Mixed Platforms.Build.0 = Release|Any CPU
		{0AD44F00-2F98-4312-9DCD-DF9F55D3A0ED}.Release|Win32.ActiveCfg = Release|Any CPU
		{0AD44F00-2F98-4312-9DCD-DF9F55D3A0ED}.Release|x86.ActiveCfg = Release|Any CPU
		{C43649D3-76D2-4D94-AED1-C23BC965E565}.Debug|Any CPU.ActiveCfg = Debug|Any CPU
		{C43649D3-76D2-4D94-AED1-C23BC965E565}.Debug|Any CPU.Build.0 = Debug|Any CPU
		{C43649D3-76D2-4D94-AED1-C23BC965E565}.Debug|Mixed Platforms.ActiveCfg = Debug|Any CPU
		{C43649D3-76D2-4D94-AED1-C23BC965E565}.Debug|Mixed Platforms.Build.0 = Debug|Any CPU
		{C43649D3-76D2-4D94-AED1-C23BC965E565}.Debug|Win32.ActiveCfg = Debug|Any CPU
		{C43649D3-76D2-4D94-AED1-C23BC965E565}.Debug|x86.ActiveCfg = Debug|Any CPU
		{C43649D3-76D2-4D94-AED1-C23BC965E565}.Release|Any CPU.ActiveCfg = Release|Any CPU
		{C43649D3-76D2-4D94-AED1-C23BC965E565}.Release|Any CPU.Build.0 = Release|Any CPU
		{C43649D3-76D2-4D94-AED1-C23BC965E565}.Release|Mixed Platforms.ActiveCfg = Release|Any CPU
		{C43649D3-76D2-4D94-AED1-C23BC965E565}.Release|Mixed Platforms.Build.0 = Release|Any CPU
		{C43649D3-76D2-4D94-AED1-C23BC965E565}.Release|Win32.ActiveCfg = Release|Any CPU
		{C43649D3-76D2-4D94-AED1-C23BC965E565}.Release|x86.ActiveCfg = Release|Any CPU
		{5C76ECD8-A2DD-40C9-80B9-E3C397B04324}.Debug|Any CPU.ActiveCfg = Debug|Any CPU
		{5C76ECD8-A2DD-40C9-80B9-E3C397B04324}.Debug|Any CPU.Build.0 = Debug|Any CPU
		{5C76ECD8-A2DD-40C9-80B9-E3C397B04324}.Debug|Mixed Platforms.ActiveCfg = Debug|Any CPU
		{5C76ECD8-A2DD-40C9-80B9-E3C397B04324}.Debug|Mixed Platforms.Build.0 = Debug|Any CPU
		{5C76ECD8-A2DD-40C9-80B9-E3C397B04324}.Debug|Win32.ActiveCfg = Debug|Any CPU
		{5C76ECD8-A2DD-40C9-80B9-E3C397B04324}.Debug|x86.ActiveCfg = Debug|Any CPU
		{5C76ECD8-A2DD-40C9-80B9-E3C397B04324}.Release|Any CPU.ActiveCfg = Release|Any CPU
		{5C76ECD8-A2DD-40C9-80B9-E3C397B04324}.Release|Any CPU.Build.0 = Release|Any CPU
		{5C76ECD8-A2DD-40C9-80B9-E3C397B04324}.Release|Mixed Platforms.ActiveCfg = Release|Any CPU
		{5C76ECD8-A2DD-40C9-80B9-E3C397B04324}.Release|Mixed Platforms.Build.0 = Release|Any CPU
		{5C76ECD8-A2DD-40C9-80B9-E3C397B04324}.Release|Win32.ActiveCfg = Release|Any CPU
		{5C76ECD8-A2DD-40C9-80B9-E3C397B04324}.Release|x86.ActiveCfg = Release|Any CPU
		{495322BC-E8DB-4C93-98D1-8A6E8B6D61E5}.Debug|Any CPU.ActiveCfg = Debug|Any CPU
		{495322BC-E8DB-4C93-98D1-8A6E8B6D61E5}.Debug|Any CPU.Build.0 = Debug|Any CPU
		{495322BC-E8DB-4C93-98D1-8A6E8B6D61E5}.Debug|Mixed Platforms.ActiveCfg = Debug|Any CPU
		{495322BC-E8DB-4C93-98D1-8A6E8B6D61E5}.Debug|Mixed Platforms.Build.0 = Debug|Any CPU
		{495322BC-E8DB-4C93-98D1-8A6E8B6D61E5}.Debug|Win32.ActiveCfg = Debug|Any CPU
		{495322BC-E8DB-4C93-98D1-8A6E8B6D61E5}.Debug|x86.ActiveCfg = Debug|Any CPU
		{495322BC-E8DB-4C93-98D1-8A6E8B6D61E5}.Release|Any CPU.ActiveCfg = Release|Any CPU
		{495322BC-E8DB-4C93-98D1-8A6E8B6D61E5}.Release|Any CPU.Build.0 = Release|Any CPU
		{495322BC-E8DB-4C93-98D1-8A6E8B6D61E5}.Release|Mixed Platforms.ActiveCfg = Release|Any CPU
		{495322BC-E8DB-4C93-98D1-8A6E8B6D61E5}.Release|Mixed Platforms.Build.0 = Release|Any CPU
		{495322BC-E8DB-4C93-98D1-8A6E8B6D61E5}.Release|Win32.ActiveCfg = Release|Any CPU
		{495322BC-E8DB-4C93-98D1-8A6E8B6D61E5}.Release|x86.ActiveCfg = Release|Any CPU
		{D32AB8D9-007A-4581-A8B6-DD18E7B9C10F}.Debug|Any CPU.ActiveCfg = Debug|Any CPU
		{D32AB8D9-007A-4581-A8B6-DD18E7B9C10F}.Debug|Any CPU.Build.0 = Debug|Any CPU
		{D32AB8D9-007A-4581-A8B6-DD18E7B9C10F}.Debug|Mixed Platforms.ActiveCfg = Debug|Any CPU
		{D32AB8D9-007A-4581-A8B6-DD18E7B9C10F}.Debug|Mixed Platforms.Build.0 = Debug|Any CPU
		{D32AB8D9-007A-4581-A8B6-DD18E7B9C10F}.Debug|Win32.ActiveCfg = Debug|Any CPU
		{D32AB8D9-007A-4581-A8B6-DD18E7B9C10F}.Debug|x86.ActiveCfg = Debug|Any CPU
		{D32AB8D9-007A-4581-A8B6-DD18E7B9C10F}.Release|Any CPU.ActiveCfg = Release|Any CPU
		{D32AB8D9-007A-4581-A8B6-DD18E7B9C10F}.Release|Any CPU.Build.0 = Release|Any CPU
		{D32AB8D9-007A-4581-A8B6-DD18E7B9C10F}.Release|Mixed Platforms.ActiveCfg = Release|Any CPU
		{D32AB8D9-007A-4581-A8B6-DD18E7B9C10F}.Release|Mixed Platforms.Build.0 = Release|Any CPU
		{D32AB8D9-007A-4581-A8B6-DD18E7B9C10F}.Release|Win32.ActiveCfg = Release|Any CPU
		{D32AB8D9-007A-4581-A8B6-DD18E7B9C10F}.Release|x86.ActiveCfg = Release|Any CPU
		{9B87E51F-B069-4596-BC24-3329481846E5}.Debug|Any CPU.ActiveCfg = Debug|Any CPU
		{9B87E51F-B069-4596-BC24-3329481846E5}.Debug|Any CPU.Build.0 = Debug|Any CPU
		{9B87E51F-B069-4596-BC24-3329481846E5}.Debug|Mixed Platforms.ActiveCfg = Debug|Any CPU
		{9B87E51F-B069-4596-BC24-3329481846E5}.Debug|Mixed Platforms.Build.0 = Debug|Any CPU
		{9B87E51F-B069-4596-BC24-3329481846E5}.Debug|Win32.ActiveCfg = Debug|Any CPU
		{9B87E51F-B069-4596-BC24-3329481846E5}.Debug|x86.ActiveCfg = Debug|Any CPU
		{9B87E51F-B069-4596-BC24-3329481846E5}.Release|Any CPU.ActiveCfg = Release|Any CPU
		{9B87E51F-B069-4596-BC24-3329481846E5}.Release|Any CPU.Build.0 = Release|Any CPU
		{9B87E51F-B069-4596-BC24-3329481846E5}.Release|Mixed Platforms.ActiveCfg = Release|Any CPU
		{9B87E51F-B069-4596-BC24-3329481846E5}.Release|Mixed Platforms.Build.0 = Release|Any CPU
		{9B87E51F-B069-4596-BC24-3329481846E5}.Release|Win32.ActiveCfg = Release|Any CPU
		{9B87E51F-B069-4596-BC24-3329481846E5}.Release|x86.ActiveCfg = Release|Any CPU
		{0D3A8C06-2162-4D3D-A40B-9E71B34898A6}.Debug|Any CPU.ActiveCfg = Debug|Any CPU
		{0D3A8C06-2162-4D3D-A40B-9E71B34898A6}.Debug|Any CPU.Build.0 = Debug|Any CPU
		{0D3A8C06-2162-4D3D-A40B-9E71B34898A6}.Debug|Mixed Platforms.ActiveCfg = Debug|Any CPU
		{0D3A8C06-2162-4D3D-A40B-9E71B34898A6}.Debug|Mixed Platforms.Build.0 = Debug|Any CPU
		{0D3A8C06-2162-4D3D-A40B-9E71B34898A6}.Debug|Win32.ActiveCfg = Debug|Any CPU
		{0D3A8C06-2162-4D3D-A40B-9E71B34898A6}.Debug|x86.ActiveCfg = Debug|Any CPU
		{0D3A8C06-2162-4D3D-A40B-9E71B34898A6}.Release|Any CPU.ActiveCfg = Release|Any CPU
		{0D3A8C06-2162-4D3D-A40B-9E71B34898A6}.Release|Any CPU.Build.0 = Release|Any CPU
		{0D3A8C06-2162-4D3D-A40B-9E71B34898A6}.Release|Mixed Platforms.ActiveCfg = Release|Any CPU
		{0D3A8C06-2162-4D3D-A40B-9E71B34898A6}.Release|Mixed Platforms.Build.0 = Release|Any CPU
		{0D3A8C06-2162-4D3D-A40B-9E71B34898A6}.Release|Win32.ActiveCfg = Release|Any CPU
		{0D3A8C06-2162-4D3D-A40B-9E71B34898A6}.Release|x86.ActiveCfg = Release|Any CPU
		{E5A98865-4B59-4BDE-BD61-1FD02229C74E}.Debug|Any CPU.ActiveCfg = Debug|Any CPU
		{E5A98865-4B59-4BDE-BD61-1FD02229C74E}.Debug|Any CPU.Build.0 = Debug|Any CPU
		{E5A98865-4B59-4BDE-BD61-1FD02229C74E}.Debug|Mixed Platforms.ActiveCfg = Debug|Any CPU
		{E5A98865-4B59-4BDE-BD61-1FD02229C74E}.Debug|Mixed Platforms.Build.0 = Debug|Any CPU
		{E5A98865-4B59-4BDE-BD61-1FD02229C74E}.Debug|Win32.ActiveCfg = Debug|Any CPU
		{E5A98865-4B59-4BDE-BD61-1FD02229C74E}.Debug|x86.ActiveCfg = Debug|Any CPU
		{E5A98865-4B59-4BDE-BD61-1FD02229C74E}.Release|Any CPU.ActiveCfg = Release|Any CPU
		{E5A98865-4B59-4BDE-BD61-1FD02229C74E}.Release|Any CPU.Build.0 = Release|Any CPU
		{E5A98865-4B59-4BDE-BD61-1FD02229C74E}.Release|Mixed Platforms.ActiveCfg = Release|Any CPU
		{E5A98865-4B59-4BDE-BD61-1FD02229C74E}.Release|Mixed Platforms.Build.0 = Release|Any CPU
		{E5A98865-4B59-4BDE-BD61-1FD02229C74E}.Release|Win32.ActiveCfg = Release|Any CPU
		{E5A98865-4B59-4BDE-BD61-1FD02229C74E}.Release|x86.ActiveCfg = Release|Any CPU
		{2EBD0730-DBB8-464B-BAE3-ABF02A50DF9B}.Debug|Any CPU.ActiveCfg = Debug|Any CPU
		{2EBD0730-DBB8-464B-BAE3-ABF02A50DF9B}.Debug|Any CPU.Build.0 = Debug|Any CPU
		{2EBD0730-DBB8-464B-BAE3-ABF02A50DF9B}.Debug|Mixed Platforms.ActiveCfg = Debug|Any CPU
		{2EBD0730-DBB8-464B-BAE3-ABF02A50DF9B}.Debug|Mixed Platforms.Build.0 = Debug|Any CPU
		{2EBD0730-DBB8-464B-BAE3-ABF02A50DF9B}.Debug|Win32.ActiveCfg = Debug|Any CPU
		{2EBD0730-DBB8-464B-BAE3-ABF02A50DF9B}.Debug|x86.ActiveCfg = Debug|Any CPU
		{2EBD0730-DBB8-464B-BAE3-ABF02A50DF9B}.Release|Any CPU.ActiveCfg = Release|Any CPU
		{2EBD0730-DBB8-464B-BAE3-ABF02A50DF9B}.Release|Any CPU.Build.0 = Release|Any CPU
		{2EBD0730-DBB8-464B-BAE3-ABF02A50DF9B}.Release|Mixed Platforms.ActiveCfg = Release|Any CPU
		{2EBD0730-DBB8-464B-BAE3-ABF02A50DF9B}.Release|Mixed Platforms.Build.0 = Release|Any CPU
		{2EBD0730-DBB8-464B-BAE3-ABF02A50DF9B}.Release|Win32.ActiveCfg = Release|Any CPU
		{2EBD0730-DBB8-464B-BAE3-ABF02A50DF9B}.Release|x86.ActiveCfg = Release|Any CPU
	EndGlobalSection
	GlobalSection(SolutionProperties) = preSolution
		HideSolutionNode = FALSE
	EndGlobalSection
	GlobalSection(NestedProjects) = preSolution
		{83D0E06B-7AF3-4ED5-AB92-DE9E341E0AD4} = {6EFB3A0F-6752-4272-8359-6CB5D6A67834}
		{02DC362B-F1B0-4A47-ACAB-055AB02E1C4D} = {1CC48D09-5E6B-4B6E-AD2E-118EFBDED5B9}
		{1CC48D09-5E6B-4B6E-AD2E-118EFBDED5B9} = {6EFB3A0F-6752-4272-8359-6CB5D6A67834}
		{5FFE1716-5728-4E3D-8579-D1F3AD798F0D} = {1CC48D09-5E6B-4B6E-AD2E-118EFBDED5B9}
		{66208061-AD5D-42D6-98B6-F4A69AC701A8} = {1CC48D09-5E6B-4B6E-AD2E-118EFBDED5B9}
		{BF6137C7-E303-4A3D-9348-8BB4F44946F3} = {1CC48D09-5E6B-4B6E-AD2E-118EFBDED5B9}
		{C37AF964-7691-4972-B739-1F2F83E161CE} = {1CC48D09-5E6B-4B6E-AD2E-118EFBDED5B9}
		{37BF2068-36D9-4C65-9E71-F7F4573B515E} = {F4F7A9F2-2782-4CDC-AD05-D88134E98001}
		{C9D2D6B7-2731-4AAB-A8A7-74202D894110} = {6EFB3A0F-6752-4272-8359-6CB5D6A67834}
		{B4EA0370-D0FA-47E8-8CFB-89FFFB0DC7B9} = {6EFB3A0F-6752-4272-8359-6CB5D6A67834}
		{CE66FD51-5BF1-4FCC-A9D6-3AC287C6ABA2} = {6EFB3A0F-6752-4272-8359-6CB5D6A67834}
		{894EDD8C-F564-46AB-867D-AA5971A83B81} = {B4EA0370-D0FA-47E8-8CFB-89FFFB0DC7B9}
		{19FBBA7B-3F56-43B6-AF47-78C6144CB5A7} = {B4EA0370-D0FA-47E8-8CFB-89FFFB0DC7B9}
		{40FEFC3D-E3C7-40F7-9471-7C2FC5635EDE} = {19FBBA7B-3F56-43B6-AF47-78C6144CB5A7}
		{845FA2B6-500A-4757-A398-D0E7FDBEE2B5} = {19FBBA7B-3F56-43B6-AF47-78C6144CB5A7}
		{C9ADC946-FD75-44E1-B004-70CB1896E544} = {6EFB3A0F-6752-4272-8359-6CB5D6A67834}
		{3C161644-AC29-4EF6-A7E8-A5C87583AEFF} = {DEDA1ACB-38BF-48CE-921C-863E9DAA8F9C}
		{D4B8E12E-01AA-4189-85D4-FAD03C0EB1EE} = {6EFB3A0F-6752-4272-8359-6CB5D6A67834}
		{8D603F01-6FF6-4543-9C96-6153B1B150C5} = {6EFB3A0F-6752-4272-8359-6CB5D6A67834}
		{371A63EA-E1A6-4B89-816D-0FD8FB663041} = {8D603F01-6FF6-4543-9C96-6153B1B150C5}
		{A235588A-1056-4F3F-9139-607601FBA4C1} = {8D603F01-6FF6-4543-9C96-6153B1B150C5}
		{0AD44F00-2F98-4312-9DCD-DF9F55D3A0ED} = {B4EA0370-D0FA-47E8-8CFB-89FFFB0DC7B9}
		{C43649D3-76D2-4D94-AED1-C23BC965E565} = {1CC48D09-5E6B-4B6E-AD2E-118EFBDED5B9}
		{5C76ECD8-A2DD-40C9-80B9-E3C397B04324} = {1CC48D09-5E6B-4B6E-AD2E-118EFBDED5B9}
		{495322BC-E8DB-4C93-98D1-8A6E8B6D61E5} = {DEDA1ACB-38BF-48CE-921C-863E9DAA8F9C}
		{D32AB8D9-007A-4581-A8B6-DD18E7B9C10F} = {B150350F-D58F-4E4E-BBE7-590D889BBD42}
		{9B87E51F-B069-4596-BC24-3329481846E5} = {B150350F-D58F-4E4E-BBE7-590D889BBD42}
		{0D3A8C06-2162-4D3D-A40B-9E71B34898A6} = {6936FDF3-1B30-4C2F-8E46-F1523BC119CE}
		{E5A98865-4B59-4BDE-BD61-1FD02229C74E} = {6EFB3A0F-6752-4272-8359-6CB5D6A67834}
		{2EBD0730-DBB8-464B-BAE3-ABF02A50DF9B} = {6EFB3A0F-6752-4272-8359-6CB5D6A67834}
	EndGlobalSection
EndGlobal
